
Microsoft Visual Studio Solution File, Format Version 12.00
# Visual Studio Version 17
VisualStudioVersion = 17.4.33205.214
MinimumVisualStudioVersion = 10.0.40219.1
Project("{2150E333-8FDC-42A3-9474-1A3956D46DE8}") = "Source", "Source", "{0B62B23D-FDF7-4B0B-A627-936D3C372429}"
EndProject
Project("{2150E333-8FDC-42A3-9474-1A3956D46DE8}") = "Api", "Api", "{329B6281-32B5-4019-9C67-ACB59DA50F13}"
EndProject
Project("{9A19103F-16F7-4668-BE54-9A1E7A4F7556}") = "ToDo.Api", "Source\Api\ToDo.Api\ToDo.Api.csproj", "{2FCDA191-F623-4EFE-BDFD-458692A6E064}"
EndProject
Project("{2150E333-8FDC-42A3-9474-1A3956D46DE8}") = "App", "App", "{29275C40-D27F-4246-95DC-CA755FFC99D1}"
EndProject
Project("{2150E333-8FDC-42A3-9474-1A3956D46DE8}") = "Tests", "Tests", "{15552A73-A262-47D2-80F6-814F060892EF}"
EndProject
Project("{9A19103F-16F7-4668-BE54-9A1E7A4F7556}") = "ToDo.Api.IntegrationTests", "Tests\IntegrationTests\ToDo.Api.IntegrationTests\ToDo.Api.IntegrationTests.csproj", "{1611AF93-0B26-4B75-A9B9-55ECCB8312AE}"
EndProject
Project("{2150E333-8FDC-42A3-9474-1A3956D46DE8}") = "Shared", "Shared", "{48EEFEF9-AAF1-4C0B-8007-8FD1390317B6}"
EndProject
Project("{FAE04EC0-301F-11D3-BF4B-00C04F79EFBC}") = "ToDo.Api.Domain", "Source\Api\ToDo.Api.Domain\ToDo.Api.Domain.csproj", "{593AE96C-5677-4B34-9D84-23B25A346546}"
EndProject
Project("{FAE04EC0-301F-11D3-BF4B-00C04F79EFBC}") = "ToDo.Api.Data", "Source\Api\ToDo.Api.Data\ToDo.Api.Data.csproj", "{26E14FB5-D118-4C4B-8583-683E53D44CEB}"
EndProject
Project("{FAE04EC0-301F-11D3-BF4B-00C04F79EFBC}") = "ToDo.Api.Domain.UnitTests", "Tests\UnitTests\ToDo.Api.Domain.UnitTests\ToDo.Api.Domain.UnitTests.csproj", "{BBC2B9BC-B6AA-4EDF-A938-75BF9DF7B2FC}"
EndProject
Project("{FAE04EC0-301F-11D3-BF4B-00C04F79EFBC}") = "ToDo.Api.Features", "Source\Api\ToDo.Api.Features\ToDo.Api.Features.csproj", "{BAABBC95-58F4-4E2A-A2C7-250995040F9B}"
EndProject
Project("{FAE04EC0-301F-11D3-BF4B-00C04F79EFBC}") = "ToDo.App.Infrastructure", "Source\App\ToDo.App.Infrastructure\ToDo.App.Infrastructure.csproj", "{5E0B4405-EC24-4788-A58A-B524B05FC7A9}"
EndProject
Project("{FAE04EC0-301F-11D3-BF4B-00C04F79EFBC}") = "ToDo.Shared.Constants", "Source\Shared\ToDo.Shared.Constants\ToDo.Shared.Constants.csproj", "{CA62AF6D-38DB-40C7-950E-57B7430FFC82}"
EndProject
Project("{FAE04EC0-301F-11D3-BF4B-00C04F79EFBC}") = "ToDo.Shared.Contracts", "Source\Shared\ToDo.Shared.Contracts\ToDo.Shared.Contracts.csproj", "{9D9D1CC6-EFFB-49C2-BDD7-D74FB964974F}"
EndProject
Project("{FAE04EC0-301F-11D3-BF4B-00C04F79EFBC}") = "ToDo.App.Components", "Source\App\ToDo.App.Components\ToDo.App.Components.csproj", "{4949E847-F6E0-434E-B457-A9256E52D157}"
EndProject
Project("{FAE04EC0-301F-11D3-BF4B-00C04F79EFBC}") = "ToDo.App.Core", "Source\App\ToDo.App.Core\ToDo.App.Core.csproj", "{650CCD48-AE43-406B-96A2-D2E8E9687EEC}"
EndProject
Project("{FAE04EC0-301F-11D3-BF4B-00C04F79EFBC}") = "ToDo.App", "Source\App\ToDo.App\ToDo.App.csproj", "{742B7AC4-982D-49AC-8410-2C2EBA99E1A7}"
EndProject
Project("{2150E333-8FDC-42A3-9474-1A3956D46DE8}") = "UnitTests", "UnitTests", "{21D4DB68-C6CA-40E2-8DA5-1D533CBE85F3}"
EndProject
Project("{2150E333-8FDC-42A3-9474-1A3956D46DE8}") = "IntegrationTests", "IntegrationTests", "{E8166435-7B72-4779-9DA6-972E7099B868}"
EndProject
Global
	GlobalSection(SolutionConfigurationPlatforms) = preSolution
		Debug|Any CPU = Debug|Any CPU
		Release|Any CPU = Release|Any CPU
	EndGlobalSection
	GlobalSection(ProjectConfigurationPlatforms) = postSolution
		{2FCDA191-F623-4EFE-BDFD-458692A6E064}.Debug|Any CPU.ActiveCfg = Debug|Any CPU
		{2FCDA191-F623-4EFE-BDFD-458692A6E064}.Debug|Any CPU.Build.0 = Debug|Any CPU
		{2FCDA191-F623-4EFE-BDFD-458692A6E064}.Release|Any CPU.ActiveCfg = Release|Any CPU
		{2FCDA191-F623-4EFE-BDFD-458692A6E064}.Release|Any CPU.Build.0 = Release|Any CPU
		{1611AF93-0B26-4B75-A9B9-55ECCB8312AE}.Debug|Any CPU.ActiveCfg = Debug|Any CPU
		{1611AF93-0B26-4B75-A9B9-55ECCB8312AE}.Debug|Any CPU.Build.0 = Debug|Any CPU
		{1611AF93-0B26-4B75-A9B9-55ECCB8312AE}.Release|Any CPU.ActiveCfg = Release|Any CPU
		{1611AF93-0B26-4B75-A9B9-55ECCB8312AE}.Release|Any CPU.Build.0 = Release|Any CPU
		{593AE96C-5677-4B34-9D84-23B25A346546}.Debug|Any CPU.ActiveCfg = Debug|Any CPU
		{593AE96C-5677-4B34-9D84-23B25A346546}.Debug|Any CPU.Build.0 = Debug|Any CPU
		{593AE96C-5677-4B34-9D84-23B25A346546}.Release|Any CPU.ActiveCfg = Release|Any CPU
		{593AE96C-5677-4B34-9D84-23B25A346546}.Release|Any CPU.Build.0 = Release|Any CPU
		{26E14FB5-D118-4C4B-8583-683E53D44CEB}.Debug|Any CPU.ActiveCfg = Debug|Any CPU
		{26E14FB5-D118-4C4B-8583-683E53D44CEB}.Debug|Any CPU.Build.0 = Debug|Any CPU
		{26E14FB5-D118-4C4B-8583-683E53D44CEB}.Release|Any CPU.ActiveCfg = Release|Any CPU
		{26E14FB5-D118-4C4B-8583-683E53D44CEB}.Release|Any CPU.Build.0 = Release|Any CPU
		{BBC2B9BC-B6AA-4EDF-A938-75BF9DF7B2FC}.Debug|Any CPU.ActiveCfg = Debug|Any CPU
		{BBC2B9BC-B6AA-4EDF-A938-75BF9DF7B2FC}.Debug|Any CPU.Build.0 = Debug|Any CPU
		{BBC2B9BC-B6AA-4EDF-A938-75BF9DF7B2FC}.Release|Any CPU.ActiveCfg = Release|Any CPU
		{BBC2B9BC-B6AA-4EDF-A938-75BF9DF7B2FC}.Release|Any CPU.Build.0 = Release|Any CPU
		{BAABBC95-58F4-4E2A-A2C7-250995040F9B}.Debug|Any CPU.ActiveCfg = Debug|Any CPU
		{BAABBC95-58F4-4E2A-A2C7-250995040F9B}.Debug|Any CPU.Build.0 = Debug|Any CPU
		{BAABBC95-58F4-4E2A-A2C7-250995040F9B}.Release|Any CPU.ActiveCfg = Release|Any CPU
		{BAABBC95-58F4-4E2A-A2C7-250995040F9B}.Release|Any CPU.Build.0 = Release|Any CPU
		{5E0B4405-EC24-4788-A58A-B524B05FC7A9}.Debug|Any CPU.ActiveCfg = Debug|Any CPU
		{5E0B4405-EC24-4788-A58A-B524B05FC7A9}.Debug|Any CPU.Build.0 = Debug|Any CPU
		{5E0B4405-EC24-4788-A58A-B524B05FC7A9}.Release|Any CPU.ActiveCfg = Release|Any CPU
		{5E0B4405-EC24-4788-A58A-B524B05FC7A9}.Release|Any CPU.Build.0 = Release|Any CPU
		{CA62AF6D-38DB-40C7-950E-57B7430FFC82}.Debug|Any CPU.ActiveCfg = Debug|Any CPU
		{CA62AF6D-38DB-40C7-950E-57B7430FFC82}.Debug|Any CPU.Build.0 = Debug|Any CPU
		{CA62AF6D-38DB-40C7-950E-57B7430FFC82}.Release|Any CPU.ActiveCfg = Release|Any CPU
		{CA62AF6D-38DB-40C7-950E-57B7430FFC82}.Release|Any CPU.Build.0 = Release|Any CPU
		{9D9D1CC6-EFFB-49C2-BDD7-D74FB964974F}.Debug|Any CPU.ActiveCfg = Debug|Any CPU
		{9D9D1CC6-EFFB-49C2-BDD7-D74FB964974F}.Debug|Any CPU.Build.0 = Debug|Any CPU
		{9D9D1CC6-EFFB-49C2-BDD7-D74FB964974F}.Release|Any CPU.ActiveCfg = Release|Any CPU
		{9D9D1CC6-EFFB-49C2-BDD7-D74FB964974F}.Release|Any CPU.Build.0 = Release|Any CPU
		{4949E847-F6E0-434E-B457-A9256E52D157}.Debug|Any CPU.ActiveCfg = Debug|Any CPU
		{4949E847-F6E0-434E-B457-A9256E52D157}.Debug|Any CPU.Build.0 = Debug|Any CPU
		{4949E847-F6E0-434E-B457-A9256E52D157}.Release|Any CPU.ActiveCfg = Release|Any CPU
		{4949E847-F6E0-434E-B457-A9256E52D157}.Release|Any CPU.Build.0 = Release|Any CPU
		{650CCD48-AE43-406B-96A2-D2E8E9687EEC}.Debug|Any CPU.ActiveCfg = Debug|Any CPU
		{650CCD48-AE43-406B-96A2-D2E8E9687EEC}.Debug|Any CPU.Build.0 = Debug|Any CPU
		{650CCD48-AE43-406B-96A2-D2E8E9687EEC}.Release|Any CPU.ActiveCfg = Release|Any CPU
		{650CCD48-AE43-406B-96A2-D2E8E9687EEC}.Release|Any CPU.Build.0 = Release|Any CPU
		{742B7AC4-982D-49AC-8410-2C2EBA99E1A7}.Debug|Any CPU.ActiveCfg = Debug|Any CPU
		{742B7AC4-982D-49AC-8410-2C2EBA99E1A7}.Debug|Any CPU.Build.0 = Debug|Any CPU
		{742B7AC4-982D-49AC-8410-2C2EBA99E1A7}.Release|Any CPU.ActiveCfg = Release|Any CPU
		{742B7AC4-982D-49AC-8410-2C2EBA99E1A7}.Release|Any CPU.Build.0 = Release|Any CPU
	EndGlobalSection
	GlobalSection(SolutionProperties) = preSolution
		HideSolutionNode = FALSE
	EndGlobalSection
	GlobalSection(NestedProjects) = preSolution
		{329B6281-32B5-4019-9C67-ACB59DA50F13} = {0B62B23D-FDF7-4B0B-A627-936D3C372429}
		{2FCDA191-F623-4EFE-BDFD-458692A6E064} = {329B6281-32B5-4019-9C67-ACB59DA50F13}
		{29275C40-D27F-4246-95DC-CA755FFC99D1} = {0B62B23D-FDF7-4B0B-A627-936D3C372429}
		{48EEFEF9-AAF1-4C0B-8007-8FD1390317B6} = {0B62B23D-FDF7-4B0B-A627-936D3C372429}
		{593AE96C-5677-4B34-9D84-23B25A346546} = {329B6281-32B5-4019-9C67-ACB59DA50F13}
		{26E14FB5-D118-4C4B-8583-683E53D44CEB} = {329B6281-32B5-4019-9C67-ACB59DA50F13}
		{BAABBC95-58F4-4E2A-A2C7-250995040F9B} = {329B6281-32B5-4019-9C67-ACB59DA50F13}
		{5E0B4405-EC24-4788-A58A-B524B05FC7A9} = {29275C40-D27F-4246-95DC-CA755FFC99D1}
		{CA62AF6D-38DB-40C7-950E-57B7430FFC82} = {48EEFEF9-AAF1-4C0B-8007-8FD1390317B6}
		{9D9D1CC6-EFFB-49C2-BDD7-D74FB964974F} = {48EEFEF9-AAF1-4C0B-8007-8FD1390317B6}
		{4949E847-F6E0-434E-B457-A9256E52D157} = {29275C40-D27F-4246-95DC-CA755FFC99D1}
		{650CCD48-AE43-406B-96A2-D2E8E9687EEC} = {29275C40-D27F-4246-95DC-CA755FFC99D1}
		{742B7AC4-982D-49AC-8410-2C2EBA99E1A7} = {29275C40-D27F-4246-95DC-CA755FFC99D1}
		{21D4DB68-C6CA-40E2-8DA5-1D533CBE85F3} = {15552A73-A262-47D2-80F6-814F060892EF}
		{E8166435-7B72-4779-9DA6-972E7099B868} = {15552A73-A262-47D2-80F6-814F060892EF}
		{BBC2B9BC-B6AA-4EDF-A938-75BF9DF7B2FC} = {21D4DB68-C6CA-40E2-8DA5-1D533CBE85F3}
		{1611AF93-0B26-4B75-A9B9-55ECCB8312AE} = {E8166435-7B72-4779-9DA6-972E7099B868}
	EndGlobalSection
	GlobalSection(ExtensibilityGlobals) = postSolution
		SolutionGuid = {DD1B2BCE-DBB6-4B8D-B618-0BE6E0535278}
	EndGlobalSection
EndGlobal
