
Microsoft Visual Studio Solution File, Format Version 12.00
# Visual Studio Version 17
VisualStudioVersion = 17.4.33205.214
MinimumVisualStudioVersion = 10.0.40219.1
Project("{2150E333-8FDC-42A3-9474-1A3956D46DE8}") = "Source", "Source", "{0B62B23D-FDF7-4B0B-A627-936D3C372429}"
EndProject
Project("{2150E333-8FDC-42A3-9474-1A3956D46DE8}") = "Api", "Api", "{329B6281-32B5-4019-9C67-ACB59DA50F13}"
EndProject
Project("{9A19103F-16F7-4668-BE54-9A1E7A4F7556}") = "ToDo.Api", "Source\Api\ToDo.Api\ToDo.Api.csproj", "{2FCDA191-F623-4EFE-BDFD-458692A6E064}"
EndProject
Project("{2150E333-8FDC-42A3-9474-1A3956D46DE8}") = "App", "App", "{29275C40-D27F-4246-95DC-CA755FFC99D1}"
EndProject
Project("{2150E333-8FDC-42A3-9474-1A3956D46DE8}") = "Tests", "Tests", "{15552A73-A262-47D2-80F6-814F060892EF}"
EndProject
Project("{2150E333-8FDC-42A3-9474-1A3956D46DE8}") = "Shared", "Shared", "{48EEFEF9-AAF1-4C0B-8007-8FD1390317B6}"
EndProject
Project("{FAE04EC0-301F-11D3-BF4B-00C04F79EFBC}") = "ToDo.App.Infrastructure", "Source\App\ToDo.App.Infrastructure\ToDo.App.Infrastructure.csproj", "{5E0B4405-EC24-4788-A58A-B524B05FC7A9}"
EndProject
Project("{FAE04EC0-301F-11D3-BF4B-00C04F79EFBC}") = "ToDo.App.Core", "Source\App\ToDo.App.Core\ToDo.App.Core.csproj", "{650CCD48-AE43-406B-96A2-D2E8E9687EEC}"
EndProject
Project("{FAE04EC0-301F-11D3-BF4B-00C04F79EFBC}") = "ToDo.App", "Source\App\ToDo.App\ToDo.App.csproj", "{742B7AC4-982D-49AC-8410-2C2EBA99E1A7}"
EndProject
Project("{FAE04EC0-301F-11D3-BF4B-00C04F79EFBC}") = "ToDo.Api.Data", "Source\Api\ToDo.Api.Data\ToDo.Api.Data.csproj", "{CA149E98-823E-477D-94A5-43F44C17C06C}"
EndProject
Project("{FAE04EC0-301F-11D3-BF4B-00C04F79EFBC}") = "ToDo.Api.Core", "Source\Api\ToDo.Api.Core\ToDo.Api.Core.csproj", "{9266011C-81A7-4FB0-BF79-6185B9A1D39D}"
EndProject
Project("{FAE04EC0-301F-11D3-BF4B-00C04F79EFBC}") = "ToDo.Api.IntegrationTests", "Tests\ToDo.Api.IntegrationTests\ToDo.Api.IntegrationTests.csproj", "{DDEFF48C-F2F8-4BE2-8027-81A22A2878C1}"
EndProject
Project("{FAE04EC0-301F-11D3-BF4B-00C04F79EFBC}") = "ToDo.Client", "Source\Shared\ToDo.Client\ToDo.Client.csproj", "{6EBF11E4-BF34-4F51-9109-A3F796BCA6DC}"
EndProject
Project("{FAE04EC0-301F-11D3-BF4B-00C04F79EFBC}") = "ToDo.App.IntegrationTests", "Tests\ToDo.App.IntegrationTests\ToDo.App.IntegrationTests.csproj", "{FE8701C3-7F87-4456-9772-C456438011E9}"
EndProject
Project("{FAE04EC0-301F-11D3-BF4B-00C04F79EFBC}") = "ToDo.Api.Data.UnitTests", "Tests\ToDo.Api.Data.UnitTests\ToDo.Api.Data.UnitTests.csproj", "{30ECE22B-F43E-4FA3-88DB-9E6715811A3B}"
EndProject
Project("{FAE04EC0-301F-11D3-BF4B-00C04F79EFBC}") = "ToDo.Api.UnitTests", "Tests\ToDo.Api.UnitTests\ToDo.Api.UnitTests.csproj", "{016CC0A8-692B-45AC-AB28-0B8D8553A1E5}"
EndProject
Project("{2150E333-8FDC-42A3-9474-1A3956D46DE8}") = "Actions", "Actions", "{D9526C11-9997-4AB1-9BF9-2AD9C91C7B6A}"
	ProjectSection(SolutionItems) = preProject
		.github\workflows\codecoverage.yml = .github\workflows\codecoverage.yml
	EndProjectSection
EndProject
Project("{FAE04EC0-301F-11D3-BF4B-00C04F79EFBC}") = "ToDo.App.Infrastructure.UnitTests", "Tests\ToDo.App.Infrastructure.UnitTests\ToDo.App.Infrastructure.UnitTests.csproj", "{93586D8D-FEF4-4F8D-8C5E-AC48AEFCDB4E}"
EndProject
Global
	GlobalSection(SolutionConfigurationPlatforms) = preSolution
		Debug|Any CPU = Debug|Any CPU
		Release|Any CPU = Release|Any CPU
	EndGlobalSection
	GlobalSection(ProjectConfigurationPlatforms) = postSolution
		{2FCDA191-F623-4EFE-BDFD-458692A6E064}.Debug|Any CPU.ActiveCfg = Debug|Any CPU
		{2FCDA191-F623-4EFE-BDFD-458692A6E064}.Debug|Any CPU.Build.0 = Debug|Any CPU
		{2FCDA191-F623-4EFE-BDFD-458692A6E064}.Release|Any CPU.ActiveCfg = Release|Any CPU
		{2FCDA191-F623-4EFE-BDFD-458692A6E064}.Release|Any CPU.Build.0 = Release|Any CPU
		{5E0B4405-EC24-4788-A58A-B524B05FC7A9}.Debug|Any CPU.ActiveCfg = Debug|Any CPU
		{5E0B4405-EC24-4788-A58A-B524B05FC7A9}.Debug|Any CPU.Build.0 = Debug|Any CPU
		{5E0B4405-EC24-4788-A58A-B524B05FC7A9}.Release|Any CPU.ActiveCfg = Release|Any CPU
		{5E0B4405-EC24-4788-A58A-B524B05FC7A9}.Release|Any CPU.Build.0 = Release|Any CPU
		{650CCD48-AE43-406B-96A2-D2E8E9687EEC}.Debug|Any CPU.ActiveCfg = Debug|Any CPU
		{650CCD48-AE43-406B-96A2-D2E8E9687EEC}.Debug|Any CPU.Build.0 = Debug|Any CPU
		{650CCD48-AE43-406B-96A2-D2E8E9687EEC}.Release|Any CPU.ActiveCfg = Release|Any CPU
		{650CCD48-AE43-406B-96A2-D2E8E9687EEC}.Release|Any CPU.Build.0 = Release|Any CPU
		{742B7AC4-982D-49AC-8410-2C2EBA99E1A7}.Debug|Any CPU.ActiveCfg = Debug|Any CPU
		{742B7AC4-982D-49AC-8410-2C2EBA99E1A7}.Debug|Any CPU.Build.0 = Debug|Any CPU
		{742B7AC4-982D-49AC-8410-2C2EBA99E1A7}.Release|Any CPU.ActiveCfg = Release|Any CPU
		{742B7AC4-982D-49AC-8410-2C2EBA99E1A7}.Release|Any CPU.Build.0 = Release|Any CPU
		{CA149E98-823E-477D-94A5-43F44C17C06C}.Debug|Any CPU.ActiveCfg = Debug|Any CPU
		{CA149E98-823E-477D-94A5-43F44C17C06C}.Debug|Any CPU.Build.0 = Debug|Any CPU
		{CA149E98-823E-477D-94A5-43F44C17C06C}.Release|Any CPU.ActiveCfg = Release|Any CPU
		{CA149E98-823E-477D-94A5-43F44C17C06C}.Release|Any CPU.Build.0 = Release|Any CPU
		{9266011C-81A7-4FB0-BF79-6185B9A1D39D}.Debug|Any CPU.ActiveCfg = Debug|Any CPU
		{9266011C-81A7-4FB0-BF79-6185B9A1D39D}.Debug|Any CPU.Build.0 = Debug|Any CPU
		{9266011C-81A7-4FB0-BF79-6185B9A1D39D}.Release|Any CPU.ActiveCfg = Release|Any CPU
		{9266011C-81A7-4FB0-BF79-6185B9A1D39D}.Release|Any CPU.Build.0 = Release|Any CPU
		{DDEFF48C-F2F8-4BE2-8027-81A22A2878C1}.Debug|Any CPU.ActiveCfg = Debug|Any CPU
		{DDEFF48C-F2F8-4BE2-8027-81A22A2878C1}.Debug|Any CPU.Build.0 = Debug|Any CPU
		{DDEFF48C-F2F8-4BE2-8027-81A22A2878C1}.Release|Any CPU.ActiveCfg = Release|Any CPU
		{DDEFF48C-F2F8-4BE2-8027-81A22A2878C1}.Release|Any CPU.Build.0 = Release|Any CPU
		{6EBF11E4-BF34-4F51-9109-A3F796BCA6DC}.Debug|Any CPU.ActiveCfg = Debug|Any CPU
		{6EBF11E4-BF34-4F51-9109-A3F796BCA6DC}.Debug|Any CPU.Build.0 = Debug|Any CPU
		{6EBF11E4-BF34-4F51-9109-A3F796BCA6DC}.Release|Any CPU.ActiveCfg = Release|Any CPU
		{6EBF11E4-BF34-4F51-9109-A3F796BCA6DC}.Release|Any CPU.Build.0 = Release|Any CPU
		{FE8701C3-7F87-4456-9772-C456438011E9}.Debug|Any CPU.ActiveCfg = Debug|Any CPU
		{FE8701C3-7F87-4456-9772-C456438011E9}.Debug|Any CPU.Build.0 = Debug|Any CPU
		{FE8701C3-7F87-4456-9772-C456438011E9}.Release|Any CPU.ActiveCfg = Release|Any CPU
		{FE8701C3-7F87-4456-9772-C456438011E9}.Release|Any CPU.Build.0 = Release|Any CPU
		{30ECE22B-F43E-4FA3-88DB-9E6715811A3B}.Debug|Any CPU.ActiveCfg = Debug|Any CPU
		{30ECE22B-F43E-4FA3-88DB-9E6715811A3B}.Debug|Any CPU.Build.0 = Debug|Any CPU
		{30ECE22B-F43E-4FA3-88DB-9E6715811A3B}.Release|Any CPU.ActiveCfg = Release|Any CPU
		{30ECE22B-F43E-4FA3-88DB-9E6715811A3B}.Release|Any CPU.Build.0 = Release|Any CPU
		{016CC0A8-692B-45AC-AB28-0B8D8553A1E5}.Debug|Any CPU.ActiveCfg = Debug|Any CPU
		{016CC0A8-692B-45AC-AB28-0B8D8553A1E5}.Debug|Any CPU.Build.0 = Debug|Any CPU
		{016CC0A8-692B-45AC-AB28-0B8D8553A1E5}.Release|Any CPU.ActiveCfg = Release|Any CPU
		{016CC0A8-692B-45AC-AB28-0B8D8553A1E5}.Release|Any CPU.Build.0 = Release|Any CPU
		{93586D8D-FEF4-4F8D-8C5E-AC48AEFCDB4E}.Debug|Any CPU.ActiveCfg = Debug|Any CPU
		{93586D8D-FEF4-4F8D-8C5E-AC48AEFCDB4E}.Debug|Any CPU.Build.0 = Debug|Any CPU
		{93586D8D-FEF4-4F8D-8C5E-AC48AEFCDB4E}.Release|Any CPU.ActiveCfg = Release|Any CPU
		{93586D8D-FEF4-4F8D-8C5E-AC48AEFCDB4E}.Release|Any CPU.Build.0 = Release|Any CPU
	EndGlobalSection
	GlobalSection(SolutionProperties) = preSolution
		HideSolutionNode = FALSE
	EndGlobalSection
	GlobalSection(NestedProjects) = preSolution
		{329B6281-32B5-4019-9C67-ACB59DA50F13} = {0B62B23D-FDF7-4B0B-A627-936D3C372429}
		{2FCDA191-F623-4EFE-BDFD-458692A6E064} = {329B6281-32B5-4019-9C67-ACB59DA50F13}
		{29275C40-D27F-4246-95DC-CA755FFC99D1} = {0B62B23D-FDF7-4B0B-A627-936D3C372429}
		{48EEFEF9-AAF1-4C0B-8007-8FD1390317B6} = {0B62B23D-FDF7-4B0B-A627-936D3C372429}
		{5E0B4405-EC24-4788-A58A-B524B05FC7A9} = {29275C40-D27F-4246-95DC-CA755FFC99D1}
		{650CCD48-AE43-406B-96A2-D2E8E9687EEC} = {29275C40-D27F-4246-95DC-CA755FFC99D1}
		{742B7AC4-982D-49AC-8410-2C2EBA99E1A7} = {29275C40-D27F-4246-95DC-CA755FFC99D1}
		{CA149E98-823E-477D-94A5-43F44C17C06C} = {329B6281-32B5-4019-9C67-ACB59DA50F13}
		{9266011C-81A7-4FB0-BF79-6185B9A1D39D} = {329B6281-32B5-4019-9C67-ACB59DA50F13}
		{DDEFF48C-F2F8-4BE2-8027-81A22A2878C1} = {15552A73-A262-47D2-80F6-814F060892EF}
		{6EBF11E4-BF34-4F51-9109-A3F796BCA6DC} = {48EEFEF9-AAF1-4C0B-8007-8FD1390317B6}
		{FE8701C3-7F87-4456-9772-C456438011E9} = {15552A73-A262-47D2-80F6-814F060892EF}
		{30ECE22B-F43E-4FA3-88DB-9E6715811A3B} = {15552A73-A262-47D2-80F6-814F060892EF}
		{016CC0A8-692B-45AC-AB28-0B8D8553A1E5} = {15552A73-A262-47D2-80F6-814F060892EF}
		{93586D8D-FEF4-4F8D-8C5E-AC48AEFCDB4E} = {15552A73-A262-47D2-80F6-814F060892EF}
	EndGlobalSection
	GlobalSection(ExtensibilityGlobals) = postSolution
		SolutionGuid = {DD1B2BCE-DBB6-4B8D-B618-0BE6E0535278}
	EndGlobalSection
EndGlobal
