
Microsoft Visual Studio Solution File, Format Version 12.00
# Visual Studio Version 17
VisualStudioVersion = 17.4.33205.214
MinimumVisualStudioVersion = 10.0.40219.1
Project("{2150E333-8FDC-42A3-9474-1A3956D46DE8}") = "Source", "Source", "{0B62B23D-FDF7-4B0B-A627-936D3C372429}"
EndProject
Project("{2150E333-8FDC-42A3-9474-1A3956D46DE8}") = "Services", "Services", "{329B6281-32B5-4019-9C67-ACB59DA50F13}"
EndProject
Project("{9A19103F-16F7-4668-BE54-9A1E7A4F7556}") = "ToDo.Api", "Source\Services\ToDo.Api\ToDo.Api.csproj", "{2FCDA191-F623-4EFE-BDFD-458692A6E064}"
EndProject
Project("{2150E333-8FDC-42A3-9474-1A3956D46DE8}") = "Clients", "Clients", "{29275C40-D27F-4246-95DC-CA755FFC99D1}"
EndProject
Project("{2150E333-8FDC-42A3-9474-1A3956D46DE8}") = "Tests", "Tests", "{15552A73-A262-47D2-80F6-814F060892EF}"
EndProject
Project("{9A19103F-16F7-4668-BE54-9A1E7A4F7556}") = "ToDo.Api.IntegrationTests", "Tests\ToDo.Api.IntegrationTests\ToDo.Api.IntegrationTests.csproj", "{1611AF93-0B26-4B75-A9B9-55ECCB8312AE}"
EndProject
Project("{9A19103F-16F7-4668-BE54-9A1E7A4F7556}") = "ToDo.App", "Source\Clients\ToDo.App\ToDo.App.csproj", "{B741F5FE-CC1C-4EC0-845F-435B60A5AA2E}"
EndProject
Project("{2150E333-8FDC-42A3-9474-1A3956D46DE8}") = "Shared", "Shared", "{48EEFEF9-AAF1-4C0B-8007-8FD1390317B6}"
EndProject
Project("{FAE04EC0-301F-11D3-BF4B-00C04F79EFBC}") = "ToDo.Framework", "Source\Shared\ToDo.Framework\ToDo.Framework.csproj", "{22443E78-F1D0-47C2-B7F9-2E36364AB67F}"
EndProject
Project("{FAE04EC0-301F-11D3-BF4B-00C04F79EFBC}") = "ToDo.Core", "Source\Services\ToDo.Core\ToDo.Core.csproj", "{593AE96C-5677-4B34-9D84-23B25A346546}"
EndProject
Project("{FAE04EC0-301F-11D3-BF4B-00C04F79EFBC}") = "ToDo.Infrastructure", "Source\Services\ToDo.Infrastructure\ToDo.Infrastructure.csproj", "{26E14FB5-D118-4C4B-8583-683E53D44CEB}"
EndProject
Project("{FAE04EC0-301F-11D3-BF4B-00C04F79EFBC}") = "ToDo.Core.UnitTests", "Tests\ToDo.Core.UnitTests\ToDo.Core.UnitTests.csproj", "{BBC2B9BC-B6AA-4EDF-A938-75BF9DF7B2FC}"
EndProject
Global
	GlobalSection(SolutionConfigurationPlatforms) = preSolution
		Debug|Any CPU = Debug|Any CPU
		Release|Any CPU = Release|Any CPU
	EndGlobalSection
	GlobalSection(ProjectConfigurationPlatforms) = postSolution
		{2FCDA191-F623-4EFE-BDFD-458692A6E064}.Debug|Any CPU.ActiveCfg = Debug|Any CPU
		{2FCDA191-F623-4EFE-BDFD-458692A6E064}.Debug|Any CPU.Build.0 = Debug|Any CPU
		{2FCDA191-F623-4EFE-BDFD-458692A6E064}.Release|Any CPU.ActiveCfg = Release|Any CPU
		{2FCDA191-F623-4EFE-BDFD-458692A6E064}.Release|Any CPU.Build.0 = Release|Any CPU
		{1611AF93-0B26-4B75-A9B9-55ECCB8312AE}.Debug|Any CPU.ActiveCfg = Debug|Any CPU
		{1611AF93-0B26-4B75-A9B9-55ECCB8312AE}.Debug|Any CPU.Build.0 = Debug|Any CPU
		{1611AF93-0B26-4B75-A9B9-55ECCB8312AE}.Release|Any CPU.ActiveCfg = Release|Any CPU
		{1611AF93-0B26-4B75-A9B9-55ECCB8312AE}.Release|Any CPU.Build.0 = Release|Any CPU
		{B741F5FE-CC1C-4EC0-845F-435B60A5AA2E}.Debug|Any CPU.ActiveCfg = Debug|Any CPU
		{B741F5FE-CC1C-4EC0-845F-435B60A5AA2E}.Debug|Any CPU.Build.0 = Debug|Any CPU
		{B741F5FE-CC1C-4EC0-845F-435B60A5AA2E}.Release|Any CPU.ActiveCfg = Release|Any CPU
		{B741F5FE-CC1C-4EC0-845F-435B60A5AA2E}.Release|Any CPU.Build.0 = Release|Any CPU
		{22443E78-F1D0-47C2-B7F9-2E36364AB67F}.Debug|Any CPU.ActiveCfg = Debug|Any CPU
		{22443E78-F1D0-47C2-B7F9-2E36364AB67F}.Debug|Any CPU.Build.0 = Debug|Any CPU
		{22443E78-F1D0-47C2-B7F9-2E36364AB67F}.Release|Any CPU.ActiveCfg = Release|Any CPU
		{22443E78-F1D0-47C2-B7F9-2E36364AB67F}.Release|Any CPU.Build.0 = Release|Any CPU
		{593AE96C-5677-4B34-9D84-23B25A346546}.Debug|Any CPU.ActiveCfg = Debug|Any CPU
		{593AE96C-5677-4B34-9D84-23B25A346546}.Debug|Any CPU.Build.0 = Debug|Any CPU
		{593AE96C-5677-4B34-9D84-23B25A346546}.Release|Any CPU.ActiveCfg = Release|Any CPU
		{593AE96C-5677-4B34-9D84-23B25A346546}.Release|Any CPU.Build.0 = Release|Any CPU
		{26E14FB5-D118-4C4B-8583-683E53D44CEB}.Debug|Any CPU.ActiveCfg = Debug|Any CPU
		{26E14FB5-D118-4C4B-8583-683E53D44CEB}.Debug|Any CPU.Build.0 = Debug|Any CPU
		{26E14FB5-D118-4C4B-8583-683E53D44CEB}.Release|Any CPU.ActiveCfg = Release|Any CPU
		{26E14FB5-D118-4C4B-8583-683E53D44CEB}.Release|Any CPU.Build.0 = Release|Any CPU
		{BBC2B9BC-B6AA-4EDF-A938-75BF9DF7B2FC}.Debug|Any CPU.ActiveCfg = Debug|Any CPU
		{BBC2B9BC-B6AA-4EDF-A938-75BF9DF7B2FC}.Debug|Any CPU.Build.0 = Debug|Any CPU
		{BBC2B9BC-B6AA-4EDF-A938-75BF9DF7B2FC}.Release|Any CPU.ActiveCfg = Release|Any CPU
		{BBC2B9BC-B6AA-4EDF-A938-75BF9DF7B2FC}.Release|Any CPU.Build.0 = Release|Any CPU
	EndGlobalSection
	GlobalSection(SolutionProperties) = preSolution
		HideSolutionNode = FALSE
	EndGlobalSection
	GlobalSection(NestedProjects) = preSolution
		{329B6281-32B5-4019-9C67-ACB59DA50F13} = {0B62B23D-FDF7-4B0B-A627-936D3C372429}
		{2FCDA191-F623-4EFE-BDFD-458692A6E064} = {329B6281-32B5-4019-9C67-ACB59DA50F13}
		{29275C40-D27F-4246-95DC-CA755FFC99D1} = {0B62B23D-FDF7-4B0B-A627-936D3C372429}
		{1611AF93-0B26-4B75-A9B9-55ECCB8312AE} = {15552A73-A262-47D2-80F6-814F060892EF}
		{B741F5FE-CC1C-4EC0-845F-435B60A5AA2E} = {29275C40-D27F-4246-95DC-CA755FFC99D1}
		{48EEFEF9-AAF1-4C0B-8007-8FD1390317B6} = {0B62B23D-FDF7-4B0B-A627-936D3C372429}
		{22443E78-F1D0-47C2-B7F9-2E36364AB67F} = {48EEFEF9-AAF1-4C0B-8007-8FD1390317B6}
		{593AE96C-5677-4B34-9D84-23B25A346546} = {329B6281-32B5-4019-9C67-ACB59DA50F13}
		{26E14FB5-D118-4C4B-8583-683E53D44CEB} = {329B6281-32B5-4019-9C67-ACB59DA50F13}
		{BBC2B9BC-B6AA-4EDF-A938-75BF9DF7B2FC} = {15552A73-A262-47D2-80F6-814F060892EF}
	EndGlobalSection
	GlobalSection(ExtensibilityGlobals) = postSolution
		SolutionGuid = {DD1B2BCE-DBB6-4B8D-B618-0BE6E0535278}
	EndGlobalSection
EndGlobal
